// !$*UTF8*$!
{
	archiveVersion = 1;
	classes = {
	};
	objectVersion = 46;
	objects = {

/* Begin PBXBuildFile section */
		46C3A420191A686D00CC5598 /* Foundation.framework in Frameworks */ = {isa = PBXBuildFile; fileRef = 46C3A41F191A686D00CC5598 /* Foundation.framework */; };
		46C3A422191A686D00CC5598 /* CoreGraphics.framework in Frameworks */ = {isa = PBXBuildFile; fileRef = 46C3A421191A686D00CC5598 /* CoreGraphics.framework */; };
		46C3A424191A686D00CC5598 /* UIKit.framework in Frameworks */ = {isa = PBXBuildFile; fileRef = 46C3A423191A686D00CC5598 /* UIKit.framework */; };
		46C3A42A191A686D00CC5598 /* InfoPlist.strings in Resources */ = {isa = PBXBuildFile; fileRef = 46C3A428191A686D00CC5598 /* InfoPlist.strings */; };
		46C3A42C191A686D00CC5598 /* main.m in Sources */ = {isa = PBXBuildFile; fileRef = 46C3A42B191A686D00CC5598 /* main.m */; };
		46C3A430191A686D00CC5598 /* LBTAppDelegate.m in Sources */ = {isa = PBXBuildFile; fileRef = 46C3A42F191A686D00CC5598 /* LBTAppDelegate.m */; };
		46C3A433191A686D00CC5598 /* Main.storyboard in Resources */ = {isa = PBXBuildFile; fileRef = 46C3A431191A686D00CC5598 /* Main.storyboard */; };
		46C3A436191A686D00CC5598 /* LBTViewController.m in Sources */ = {isa = PBXBuildFile; fileRef = 46C3A435191A686D00CC5598 /* LBTViewController.m */; };
		46C3A438191A686D00CC5598 /* Images.xcassets in Resources */ = {isa = PBXBuildFile; fileRef = 46C3A437191A686D00CC5598 /* Images.xcassets */; };
		46C3A43F191A686D00CC5598 /* XCTest.framework in Frameworks */ = {isa = PBXBuildFile; fileRef = 46C3A43E191A686D00CC5598 /* XCTest.framework */; };
		46C3A440191A686D00CC5598 /* Foundation.framework in Frameworks */ = {isa = PBXBuildFile; fileRef = 46C3A41F191A686D00CC5598 /* Foundation.framework */; };
		46C3A441191A686D00CC5598 /* UIKit.framework in Frameworks */ = {isa = PBXBuildFile; fileRef = 46C3A423191A686D00CC5598 /* UIKit.framework */; };
		46C3A449191A686D00CC5598 /* InfoPlist.strings in Resources */ = {isa = PBXBuildFile; fileRef = 46C3A447191A686D00CC5598 /* InfoPlist.strings */; };
		46C3A44B191A686D00CC5598 /* SaveButtonStyleTests.m in Sources */ = {isa = PBXBuildFile; fileRef = 46C3A44A191A686D00CC5598 /* SaveButtonStyleTests.m */; };
/* End PBXBuildFile section */

/* Begin PBXContainerItemProxy section */
		46C3A442191A686D00CC5598 /* PBXContainerItemProxy */ = {
			isa = PBXContainerItemProxy;
			containerPortal = 46C3A414191A686D00CC5598 /* Project object */;
			proxyType = 1;
			remoteGlobalIDString = 46C3A41B191A686D00CC5598;
			remoteInfo = SaveButtonStyle;
		};
/* End PBXContainerItemProxy section */

/* Begin PBXFileReference section */
		46C3A41C191A686D00CC5598 /* SaveButtonStyle.app */ = {isa = PBXFileReference; explicitFileType = wrapper.application; includeInIndex = 0; path = SaveButtonStyle.app; sourceTree = BUILT_PRODUCTS_DIR; };
		46C3A41F191A686D00CC5598 /* Foundation.framework */ = {isa = PBXFileReference; lastKnownFileType = wrapper.framework; name = Foundation.framework; path = System/Library/Frameworks/Foundation.framework; sourceTree = SDKROOT; };
		46C3A421191A686D00CC5598 /* CoreGraphics.framework */ = {isa = PBXFileReference; lastKnownFileType = wrapper.framework; name = CoreGraphics.framework; path = System/Library/Frameworks/CoreGraphics.framework; sourceTree = SDKROOT; };
		46C3A423191A686D00CC5598 /* UIKit.framework */ = {isa = PBXFileReference; lastKnownFileType = wrapper.framework; name = UIKit.framework; path = System/Library/Frameworks/UIKit.framework; sourceTree = SDKROOT; };
		46C3A427191A686D00CC5598 /* SaveButtonStyle-Info.plist */ = {isa = PBXFileReference; lastKnownFileType = text.plist.xml; path = "SaveButtonStyle-Info.plist"; sourceTree = "<group>"; };
		46C3A429191A686D00CC5598 /* en */ = {isa = PBXFileReference; lastKnownFileType = text.plist.strings; name = en; path = en.lproj/InfoPlist.strings; sourceTree = "<group>"; };
		46C3A42B191A686D00CC5598 /* main.m */ = {isa = PBXFileReference; lastKnownFileType = sourcecode.c.objc; path = main.m; sourceTree = "<group>"; };
		46C3A42D191A686D00CC5598 /* SaveButtonStyle-Prefix.pch */ = {isa = PBXFileReference; lastKnownFileType = sourcecode.c.h; path = "SaveButtonStyle-Prefix.pch"; sourceTree = "<group>"; };
		46C3A42E191A686D00CC5598 /* LBTAppDelegate.h */ = {isa = PBXFileReference; lastKnownFileType = sourcecode.c.h; path = LBTAppDelegate.h; sourceTree = "<group>"; };
		46C3A42F191A686D00CC5598 /* LBTAppDelegate.m */ = {isa = PBXFileReference; lastKnownFileType = sourcecode.c.objc; path = LBTAppDelegate.m; sourceTree = "<group>"; };
		46C3A432191A686D00CC5598 /* Base */ = {isa = PBXFileReference; lastKnownFileType = file.storyboard; name = Base; path = Base.lproj/Main.storyboard; sourceTree = "<group>"; };
		46C3A434191A686D00CC5598 /* LBTViewController.h */ = {isa = PBXFileReference; lastKnownFileType = sourcecode.c.h; path = LBTViewController.h; sourceTree = "<group>"; };
		46C3A435191A686D00CC5598 /* LBTViewController.m */ = {isa = PBXFileReference; lastKnownFileType = sourcecode.c.objc; path = LBTViewController.m; sourceTree = "<group>"; };
		46C3A437191A686D00CC5598 /* Images.xcassets */ = {isa = PBXFileReference; lastKnownFileType = folder.assetcatalog; path = Images.xcassets; sourceTree = "<group>"; };
		46C3A43D191A686D00CC5598 /* SaveButtonStyleTests.xctest */ = {isa = PBXFileReference; explicitFileType = wrapper.cfbundle; includeInIndex = 0; path = SaveButtonStyleTests.xctest; sourceTree = BUILT_PRODUCTS_DIR; };
		46C3A43E191A686D00CC5598 /* XCTest.framework */ = {isa = PBXFileReference; lastKnownFileType = wrapper.framework; name = XCTest.framework; path = Library/Frameworks/XCTest.framework; sourceTree = DEVELOPER_DIR; };
		46C3A446191A686D00CC5598 /* SaveButtonStyleTests-Info.plist */ = {isa = PBXFileReference; lastKnownFileType = text.plist.xml; path = "SaveButtonStyleTests-Info.plist"; sourceTree = "<group>"; };
		46C3A448191A686D00CC5598 /* en */ = {isa = PBXFileReference; lastKnownFileType = text.plist.strings; name = en; path = en.lproj/InfoPlist.strings; sourceTree = "<group>"; };
		46C3A44A191A686D00CC5598 /* SaveButtonStyleTests.m */ = {isa = PBXFileReference; lastKnownFileType = sourcecode.c.objc; path = SaveButtonStyleTests.m; sourceTree = "<group>"; };
/* End PBXFileReference section */

/* Begin PBXFrameworksBuildPhase section */
		46C3A419191A686D00CC5598 /* Frameworks */ = {
			isa = PBXFrameworksBuildPhase;
			buildActionMask = 2147483647;
			files = (
				46C3A422191A686D00CC5598 /* CoreGraphics.framework in Frameworks */,
				46C3A424191A686D00CC5598 /* UIKit.framework in Frameworks */,
				46C3A420191A686D00CC5598 /* Foundation.framework in Frameworks */,
			);
			runOnlyForDeploymentPostprocessing = 0;
		};
		46C3A43A191A686D00CC5598 /* Frameworks */ = {
			isa = PBXFrameworksBuildPhase;
			buildActionMask = 2147483647;
			files = (
				46C3A43F191A686D00CC5598 /* XCTest.framework in Frameworks */,
				46C3A441191A686D00CC5598 /* UIKit.framework in Frameworks */,
				46C3A440191A686D00CC5598 /* Foundation.framework in Frameworks */,
			);
			runOnlyForDeploymentPostprocessing = 0;
		};
/* End PBXFrameworksBuildPhase section */

/* Begin PBXGroup section */
		46C3A413191A686D00CC5598 = {
			isa = PBXGroup;
			children = (
				46C3A425191A686D00CC5598 /* SaveButtonStyle */,
				46C3A444191A686D00CC5598 /* SaveButtonStyleTests */,
				46C3A41E191A686D00CC5598 /* Frameworks */,
				46C3A41D191A686D00CC5598 /* Products */,
			);
			sourceTree = "<group>";
		};
		46C3A41D191A686D00CC5598 /* Products */ = {
			isa = PBXGroup;
			children = (
				46C3A41C191A686D00CC5598 /* SaveButtonStyle.app */,
				46C3A43D191A686D00CC5598 /* SaveButtonStyleTests.xctest */,
			);
			name = Products;
			sourceTree = "<group>";
		};
		46C3A41E191A686D00CC5598 /* Frameworks */ = {
			isa = PBXGroup;
			children = (
				46C3A41F191A686D00CC5598 /* Foundation.framework */,
				46C3A421191A686D00CC5598 /* CoreGraphics.framework */,
				46C3A423191A686D00CC5598 /* UIKit.framework */,
				46C3A43E191A686D00CC5598 /* XCTest.framework */,
			);
			name = Frameworks;
			sourceTree = "<group>";
		};
		46C3A425191A686D00CC5598 /* SaveButtonStyle */ = {
			isa = PBXGroup;
			children = (
				46C3A42E191A686D00CC5598 /* LBTAppDelegate.h */,
				46C3A42F191A686D00CC5598 /* LBTAppDelegate.m */,
				46C3A431191A686D00CC5598 /* Main.storyboard */,
				46C3A434191A686D00CC5598 /* LBTViewController.h */,
				46C3A435191A686D00CC5598 /* LBTViewController.m */,
				46C3A437191A686D00CC5598 /* Images.xcassets */,
				46C3A426191A686D00CC5598 /* Supporting Files */,
			);
			path = SaveButtonStyle;
			sourceTree = "<group>";
		};
		46C3A426191A686D00CC5598 /* Supporting Files */ = {
			isa = PBXGroup;
			children = (
				46C3A427191A686D00CC5598 /* SaveButtonStyle-Info.plist */,
				46C3A428191A686D00CC5598 /* InfoPlist.strings */,
				46C3A42B191A686D00CC5598 /* main.m */,
				46C3A42D191A686D00CC5598 /* SaveButtonStyle-Prefix.pch */,
			);
			name = "Supporting Files";
			sourceTree = "<group>";
		};
		46C3A444191A686D00CC5598 /* SaveButtonStyleTests */ = {
			isa = PBXGroup;
			children = (
				46C3A44A191A686D00CC5598 /* SaveButtonStyleTests.m */,
				46C3A445191A686D00CC5598 /* Supporting Files */,
			);
			path = SaveButtonStyleTests;
			sourceTree = "<group>";
		};
		46C3A445191A686D00CC5598 /* Supporting Files */ = {
			isa = PBXGroup;
			children = (
				46C3A446191A686D00CC5598 /* SaveButtonStyleTests-Info.plist */,
				46C3A447191A686D00CC5598 /* InfoPlist.strings */,
			);
			name = "Supporting Files";
			sourceTree = "<group>";
		};
/* End PBXGroup section */

/* Begin PBXNativeTarget section */
		46C3A41B191A686D00CC5598 /* SaveButtonStyle */ = {
			isa = PBXNativeTarget;
			buildConfigurationList = 46C3A44E191A686D00CC5598 /* Build configuration list for PBXNativeTarget "SaveButtonStyle" */;
			buildPhases = (
				46C3A418191A686D00CC5598 /* Sources */,
				46C3A419191A686D00CC5598 /* Frameworks */,
				46C3A41A191A686D00CC5598 /* Resources */,
			);
			buildRules = (
			);
			dependencies = (
			);
			name = SaveButtonStyle;
			productName = SaveButtonStyle;
			productReference = 46C3A41C191A686D00CC5598 /* SaveButtonStyle.app */;
			productType = "com.apple.product-type.application";
		};
		46C3A43C191A686D00CC5598 /* SaveButtonStyleTests */ = {
			isa = PBXNativeTarget;
			buildConfigurationList = 46C3A451191A686D00CC5598 /* Build configuration list for PBXNativeTarget "SaveButtonStyleTests" */;
			buildPhases = (
				46C3A439191A686D00CC5598 /* Sources */,
				46C3A43A191A686D00CC5598 /* Frameworks */,
				46C3A43B191A686D00CC5598 /* Resources */,
			);
			buildRules = (
			);
			dependencies = (
				46C3A443191A686D00CC5598 /* PBXTargetDependency */,
			);
			name = SaveButtonStyleTests;
			productName = SaveButtonStyleTests;
			productReference = 46C3A43D191A686D00CC5598 /* SaveButtonStyleTests.xctest */;
			productType = "com.apple.product-type.bundle.unit-test";
		};
/* End PBXNativeTarget section */

/* Begin PBXProject section */
		46C3A414191A686D00CC5598 /* Project object */ = {
			isa = PBXProject;
			attributes = {
				CLASSPREFIX = LBT;
				LastUpgradeCheck = 0510;
				ORGANIZATIONNAME = Lullabot;
				TargetAttributes = {
					46C3A43C191A686D00CC5598 = {
						TestTargetID = 46C3A41B191A686D00CC5598;
					};
				};
			};
			buildConfigurationList = 46C3A417191A686D00CC5598 /* Build configuration list for PBXProject "SaveButtonStyle" */;
			compatibilityVersion = "Xcode 3.2";
			developmentRegion = English;
			hasScannedForEncodings = 0;
			knownRegions = (
				en,
				Base,
			);
			mainGroup = 46C3A413191A686D00CC5598;
			productRefGroup = 46C3A41D191A686D00CC5598 /* Products */;
			projectDirPath = "";
			projectRoot = "";
			targets = (
				46C3A41B191A686D00CC5598 /* SaveButtonStyle */,
				46C3A43C191A686D00CC5598 /* SaveButtonStyleTests */,
			);
		};
/* End PBXProject section */

/* Begin PBXResourcesBuildPhase section */
		46C3A41A191A686D00CC5598 /* Resources */ = {
			isa = PBXResourcesBuildPhase;
			buildActionMask = 2147483647;
			files = (
				46C3A438191A686D00CC5598 /* Images.xcassets in Resources */,
				46C3A42A191A686D00CC5598 /* InfoPlist.strings in Resources */,
				46C3A433191A686D00CC5598 /* Main.storyboard in Resources */,
			);
			runOnlyForDeploymentPostprocessing = 0;
		};
		46C3A43B191A686D00CC5598 /* Resources */ = {
			isa = PBXResourcesBuildPhase;
			buildActionMask = 2147483647;
			files = (
				46C3A449191A686D00CC5598 /* InfoPlist.strings in Resources */,
			);
			runOnlyForDeploymentPostprocessing = 0;
		};
/* End PBXResourcesBuildPhase section */

/* Begin PBXSourcesBuildPhase section */
		46C3A418191A686D00CC5598 /* Sources */ = {
			isa = PBXSourcesBuildPhase;
			buildActionMask = 2147483647;
			files = (
				46C3A436191A686D00CC5598 /* LBTViewController.m in Sources */,
				46C3A42C191A686D00CC5598 /* main.m in Sources */,
				46C3A430191A686D00CC5598 /* LBTAppDelegate.m in Sources */,
			);
			runOnlyForDeploymentPostprocessing = 0;
		};
		46C3A439191A686D00CC5598 /* Sources */ = {
			isa = PBXSourcesBuildPhase;
			buildActionMask = 2147483647;
			files = (
				46C3A44B191A686D00CC5598 /* SaveButtonStyleTests.m in Sources */,
			);
			runOnlyForDeploymentPostprocessing = 0;
		};
/* End PBXSourcesBuildPhase section */

/* Begin PBXTargetDependency section */
		46C3A443191A686D00CC5598 /* PBXTargetDependency */ = {
			isa = PBXTargetDependency;
			target = 46C3A41B191A686D00CC5598 /* SaveButtonStyle */;
			targetProxy = 46C3A442191A686D00CC5598 /* PBXContainerItemProxy */;
		};
/* End PBXTargetDependency section */

/* Begin PBXVariantGroup section */
		46C3A428191A686D00CC5598 /* InfoPlist.strings */ = {
			isa = PBXVariantGroup;
			children = (
				46C3A429191A686D00CC5598 /* en */,
			);
			name = InfoPlist.strings;
			sourceTree = "<group>";
		};
		46C3A431191A686D00CC5598 /* Main.storyboard */ = {
			isa = PBXVariantGroup;
			children = (
				46C3A432191A686D00CC5598 /* Base */,
			);
			name = Main.storyboard;
			sourceTree = "<group>";
		};
		46C3A447191A686D00CC5598 /* InfoPlist.strings */ = {
			isa = PBXVariantGroup;
			children = (
				46C3A448191A686D00CC5598 /* en */,
			);
			name = InfoPlist.strings;
			sourceTree = "<group>";
		};
/* End PBXVariantGroup section */

/* Begin XCBuildConfiguration section */
		46C3A44C191A686D00CC5598 /* Debug */ = {
			isa = XCBuildConfiguration;
			buildSettings = {
				ALWAYS_SEARCH_USER_PATHS = NO;
				CLANG_CXX_LANGUAGE_STANDARD = "gnu++0x";
				CLANG_CXX_LIBRARY = "libc++";
				CLANG_ENABLE_MODULES = YES;
				CLANG_ENABLE_OBJC_ARC = YES;
				CLANG_WARN_BOOL_CONVERSION = YES;
				CLANG_WARN_CONSTANT_CONVERSION = YES;
				CLANG_WARN_DIRECT_OBJC_ISA_USAGE = YES_ERROR;
				CLANG_WARN_EMPTY_BODY = YES;
				CLANG_WARN_ENUM_CONVERSION = YES;
				CLANG_WARN_INT_CONVERSION = YES;
				CLANG_WARN_OBJC_ROOT_CLASS = YES_ERROR;
				CLANG_WARN__DUPLICATE_METHOD_MATCH = YES;
				"CODE_SIGN_IDENTITY[sdk=iphoneos*]" = "iPhone Developer";
				COPY_PHASE_STRIP = NO;
				GCC_C_LANGUAGE_STANDARD = gnu99;
				GCC_DYNAMIC_NO_PIC = NO;
				GCC_OPTIMIZATION_LEVEL = 0;
				GCC_PREPROCESSOR_DEFINITIONS = (
					"DEBUG=1",
					"$(inherited)",
				);
				GCC_SYMBOLS_PRIVATE_EXTERN = NO;
				GCC_WARN_64_TO_32_BIT_CONVERSION = YES;
				GCC_WARN_ABOUT_RETURN_TYPE = YES_ERROR;
				GCC_WARN_UNDECLARED_SELECTOR = YES;
				GCC_WARN_UNINITIALIZED_AUTOS = YES_AGGRESSIVE;
				GCC_WARN_UNUSED_FUNCTION = YES;
				GCC_WARN_UNUSED_VARIABLE = YES;
				IPHONEOS_DEPLOYMENT_TARGET = 7.1;
				ONLY_ACTIVE_ARCH = YES;
				SDKROOT = iphoneos;
			};
			name = Debug;
		};
		46C3A44D191A686D00CC5598 /* Release */ = {
			isa = XCBuildConfiguration;
			buildSettings = {
				ALWAYS_SEARCH_USER_PATHS = NO;
				CLANG_CXX_LANGUAGE_STANDARD = "gnu++0x";
				CLANG_CXX_LIBRARY = "libc++";
				CLANG_ENABLE_MODULES = YES;
				CLANG_ENABLE_OBJC_ARC = YES;
				CLANG_WARN_BOOL_CONVERSION = YES;
				CLANG_WARN_CONSTANT_CONVERSION = YES;
				CLANG_WARN_DIRECT_OBJC_ISA_USAGE = YES_ERROR;
				CLANG_WARN_EMPTY_BODY = YES;
				CLANG_WARN_ENUM_CONVERSION = YES;
				CLANG_WARN_INT_CONVERSION = YES;
				CLANG_WARN_OBJC_ROOT_CLASS = YES_ERROR;
				CLANG_WARN__DUPLICATE_METHOD_MATCH = YES;
				"CODE_SIGN_IDENTITY[sdk=iphoneos*]" = "iPhone Developer";
				COPY_PHASE_STRIP = YES;
				ENABLE_NS_ASSERTIONS = NO;
				GCC_C_LANGUAGE_STANDARD = gnu99;
				GCC_WARN_64_TO_32_BIT_CONVERSION = YES;
				GCC_WARN_ABOUT_RETURN_TYPE = YES_ERROR;
				GCC_WARN_UNDECLARED_SELECTOR = YES;
				GCC_WARN_UNINITIALIZED_AUTOS = YES_AGGRESSIVE;
				GCC_WARN_UNUSED_FUNCTION = YES;
				GCC_WARN_UNUSED_VARIABLE = YES;
				IPHONEOS_DEPLOYMENT_TARGET = 7.1;
				SDKROOT = iphoneos;
				VALIDATE_PRODUCT = YES;
			};
			name = Release;
		};
		46C3A44F191A686D00CC5598 /* Debug */ = {
			isa = XCBuildConfiguration;
			buildSettings = {
				ASSETCATALOG_COMPILER_APPICON_NAME = AppIcon;
				ASSETCATALOG_COMPILER_LAUNCHIMAGE_NAME = LaunchImage;
				GCC_PRECOMPILE_PREFIX_HEADER = YES;
				GCC_PREFIX_HEADER = "SaveButtonStyle/SaveButtonStyle-Prefix.pch";
				INFOPLIST_FILE = "SaveButtonStyle/SaveButtonStyle-Info.plist";
				PRODUCT_NAME = "$(TARGET_NAME)";
				WRAPPER_EXTENSION = app;
			};
			name = Debug;
		};
		46C3A450191A686D00CC5598 /* Release */ = {
			isa = XCBuildConfiguration;
			buildSettings = {
				ASSETCATALOG_COMPILER_APPICON_NAME = AppIcon;
				ASSETCATALOG_COMPILER_LAUNCHIMAGE_NAME = LaunchImage;
				GCC_PRECOMPILE_PREFIX_HEADER = YES;
				GCC_PREFIX_HEADER = "SaveButtonStyle/SaveButtonStyle-Prefix.pch";
				INFOPLIST_FILE = "SaveButtonStyle/SaveButtonStyle-Info.plist";
				PRODUCT_NAME = "$(TARGET_NAME)";
				WRAPPER_EXTENSION = app;
			};
			name = Release;
		};
		46C3A452191A686D00CC5598 /* Debug */ = {
			isa = XCBuildConfiguration;
			buildSettings = {
				BUNDLE_LOADER = "$(BUILT_PRODUCTS_DIR)/SaveButtonStyle.app/SaveButtonStyle";
				FRAMEWORK_SEARCH_PATHS = (
					"$(SDKROOT)/Developer/Library/Frameworks",
					"$(inherited)",
					"$(DEVELOPER_FRAMEWORKS_DIR)",
				);
				GCC_PRECOMPILE_PREFIX_HEADER = YES;
				GCC_PREFIX_HEADER = "SaveButtonStyle/SaveButtonStyle-Prefix.pch";
				GCC_PREPROCESSOR_DEFINITIONS = (
					"DEBUG=1",
					"$(inherited)",
				);
				INFOPLIST_FILE = "SaveButtonStyleTests/SaveButtonStyleTests-Info.plist";
				PRODUCT_NAME = "$(TARGET_NAME)";
				TEST_HOST = "$(BUNDLE_LOADER)";
				WRAPPER_EXTENSION = xctest;
			};
			name = Debug;
		};
		46C3A453191A686D00CC5598 /* Release */ = {
			isa = XCBuildConfiguration;
			buildSettings = {
				BUNDLE_LOADER = "$(BUILT_PRODUCTS_DIR)/SaveButtonStyle.app/SaveButtonStyle";
				FRAMEWORK_SEARCH_PATHS = (
					"$(SDKROOT)/Developer/Library/Frameworks",
					"$(inherited)",
					"$(DEVELOPER_FRAMEWORKS_DIR)",
				);
				GCC_PRECOMPILE_PREFIX_HEADER = YES;
				GCC_PREFIX_HEADER = "SaveButtonStyle/SaveButtonStyle-Prefix.pch";
				INFOPLIST_FILE = "SaveButtonStyleTests/SaveButtonStyleTests-Info.plist";
				PRODUCT_NAME = "$(TARGET_NAME)";
				TEST_HOST = "$(BUNDLE_LOADER)";
				WRAPPER_EXTENSION = xctest;
			};
			name = Release;
		};
/* End XCBuildConfiguration section */

/* Begin XCConfigurationList section */
		46C3A417191A686D00CC5598 /* Build configuration list for PBXProject "SaveButtonStyle" */ = {
			isa = XCConfigurationList;
			buildConfigurations = (
				46C3A44C191A686D00CC5598 /* Debug */,
				46C3A44D191A686D00CC5598 /* Release */,
			);
			defaultConfigurationIsVisible = 0;
			defaultConfigurationName = Release;
		};
		46C3A44E191A686D00CC5598 /* Build configuration list for PBXNativeTarget "SaveButtonStyle" */ = {
			isa = XCConfigurationList;
			buildConfigurations = (
				46C3A44F191A686D00CC5598 /* Debug */,
				46C3A450191A686D00CC5598 /* Release */,
			);
			defaultConfigurationIsVisible = 0;
		};
		46C3A451191A686D00CC5598 /* Build configuration list for PBXNativeTarget "SaveButtonStyleTests" */ = {
			isa = XCConfigurationList;
			buildConfigurations = (
				46C3A452191A686D00CC5598 /* Debug */,
				46C3A453191A686D00CC5598 /* Release */,
			);
			defaultConfigurationIsVisible = 0;
		};
/* End XCConfigurationList section */
	};
	rootObject = 46C3A414191A686D00CC5598 /* Project object */;
}
